
Microsoft Visual Studio Solution File, Format Version 12.00
# Visual Studio 15
VisualStudioVersion = 15.0.26730.16
MinimumVisualStudioVersion = 10.0.40219.1
Project("{FAE04EC0-301F-11D3-BF4B-00C04F79EFBC}") = "SpreadSheetReader", "SpreadSheetReader\SpreadSheetReader.csproj", "{B1E2D6B8-11B7-4E01-8A2C-57598CC5F533}"
EndProject
Global
	GlobalSection(SolutionConfigurationPlatforms) = preSolution
		Debug|Any CPU = Debug|Any CPU
		Release|Any CPU = Release|Any CPU
	EndGlobalSection
	GlobalSection(ProjectConfigurationPlatforms) = postSolution
		{B1E2D6B8-11B7-4E01-8A2C-57598CC5F533}.Debug|Any CPU.ActiveCfg = Debug|Any CPU
		{B1E2D6B8-11B7-4E01-8A2C-57598CC5F533}.Debug|Any CPU.Build.0 = Debug|Any CPU
		{B1E2D6B8-11B7-4E01-8A2C-57598CC5F533}.Release|Any CPU.ActiveCfg = Release|Any CPU
		{B1E2D6B8-11B7-4E01-8A2C-57598CC5F533}.Release|Any CPU.Build.0 = Release|Any CPU
	EndGlobalSection
	GlobalSection(SolutionProperties) = preSolution
		HideSolutionNode = FALSE
	EndGlobalSection
	GlobalSection(ExtensibilityGlobals) = postSolution
		SolutionGuid = {4D5A3C12-4EC9-496C-B77D-3FE5FF243EE0}
	EndGlobalSection
EndGlobal
